// !$*UTF8*$!
{
	archiveVersion = 1;
	classes = {
	};
	objectVersion = 50;
	objects = {

/* Begin PBXBuildFile section */
		1A00037126A0A15300F42EC9 /* Header.swift in Sources */ = {isa = PBXBuildFile; fileRef = 1A00037026A0A15300F42EC9 /* Header.swift */; };
		1A00037326A0A30C00F42EC9 /* WhisperView.swift in Sources */ = {isa = PBXBuildFile; fileRef = 1A00037226A0A30C00F42EC9 /* WhisperView.swift */; };
		1A00037626A0A3A000F42EC9 /* WhisperPresentableData.swift in Sources */ = {isa = PBXBuildFile; fileRef = 1A00037526A0A3A000F42EC9 /* WhisperPresentableData.swift */; };
		1A00037926A0A6A800F42EC9 /* PopularWhispersTests.swift in Sources */ = {isa = PBXBuildFile; fileRef = 1A00037826A0A6A800F42EC9 /* PopularWhispersTests.swift */; };
		1A00037C26A0E06800F42EC9 /* RemoteReplyLoaderAdapter.swift in Sources */ = {isa = PBXBuildFile; fileRef = 1A00037B26A0E06800F42EC9 /* RemoteReplyLoaderAdapter.swift */; };
		1A00037E26A0E0A500F42EC9 /* ReplyThreadLoaderAdapter.swift in Sources */ = {isa = PBXBuildFile; fileRef = 1A00037D26A0E0A500F42EC9 /* ReplyThreadLoaderAdapter.swift */; };
		1A00038026A0E0C000F42EC9 /* URLSession+HTTPClient.swift in Sources */ = {isa = PBXBuildFile; fileRef = 1A00037F26A0E0C000F42EC9 /* URLSession+HTTPClient.swift */; };
		1A54641526A079EE006A925E /* PopularWhispersApp.swift in Sources */ = {isa = PBXBuildFile; fileRef = 1A54641426A079EE006A925E /* PopularWhispersApp.swift */; };
		1A54641926A079EF006A925E /* Assets.xcassets in Resources */ = {isa = PBXBuildFile; fileRef = 1A54641826A079EF006A925E /* Assets.xcassets */; };
		1A54641C26A079EF006A925E /* Preview Assets.xcassets in Resources */ = {isa = PBXBuildFile; fileRef = 1A54641B26A079EF006A925E /* Preview Assets.xcassets */; };
		1A54646826A07F3E006A925E /* WhisperApp.framework in Frameworks */ = {isa = PBXBuildFile; fileRef = 1A54646726A07F3E006A925E /* WhisperApp.framework */; };
		1A54646926A07F3E006A925E /* WhisperApp.framework in Embed Frameworks */ = {isa = PBXBuildFile; fileRef = 1A54646726A07F3E006A925E /* WhisperApp.framework */; settings = {ATTRIBUTES = (RemoveHeadersOnCopy, ); }; };
		1A54646E26A095E6006A925E /* WhisperListView.swift in Sources */ = {isa = PBXBuildFile; fileRef = 1A54646D26A095E6006A925E /* WhisperListView.swift */; };
		1ACAA15F26A1BE3500490D40 /* AdapterWhisperList.swift in Sources */ = {isa = PBXBuildFile; fileRef = 1ACAA15E26A1BE3500490D40 /* AdapterWhisperList.swift */; };
		1ACAA16126A1BE9F00490D40 /* PopularReplyThreadVM.swift in Sources */ = {isa = PBXBuildFile; fileRef = 1ACAA16026A1BE9F00490D40 /* PopularReplyThreadVM.swift */; };
		1ACAA16E26A1C20800490D40 /* FactoryPopularThreadView.swift in Sources */ = {isa = PBXBuildFile; fileRef = 1ACAA16D26A1C20800490D40 /* FactoryPopularThreadView.swift */; };
		1ACAA17026A1C22D00490D40 /* FactoryPopularReplyThreadLoader.swift in Sources */ = {isa = PBXBuildFile; fileRef = 1ACAA16F26A1C22D00490D40 /* FactoryPopularReplyThreadLoader.swift */; };
/* End PBXBuildFile section */

/* Begin PBXContainerItemProxy section */
		1A54642326A079EF006A925E /* PBXContainerItemProxy */ = {
			isa = PBXContainerItemProxy;
			containerPortal = 1A54640926A079EE006A925E /* Project object */;
			proxyType = 1;
			remoteGlobalIDString = 1A54641026A079EE006A925E;
			remoteInfo = PopularWhispers;
		};
/* End PBXContainerItemProxy section */

/* Begin PBXCopyFilesBuildPhase section */
		1A54646A26A07F3E006A925E /* Embed Frameworks */ = {
			isa = PBXCopyFilesBuildPhase;
			buildActionMask = 2147483647;
			dstPath = "";
			dstSubfolderSpec = 10;
			files = (
				1A54646926A07F3E006A925E /* WhisperApp.framework in Embed Frameworks */,
			);
			name = "Embed Frameworks";
			runOnlyForDeploymentPostprocessing = 0;
		};
/* End PBXCopyFilesBuildPhase section */

/* Begin PBXFileReference section */
		1A00037026A0A15300F42EC9 /* Header.swift */ = {isa = PBXFileReference; lastKnownFileType = sourcecode.swift; path = Header.swift; sourceTree = "<group>"; };
		1A00037226A0A30C00F42EC9 /* WhisperView.swift */ = {isa = PBXFileReference; lastKnownFileType = sourcecode.swift; path = WhisperView.swift; sourceTree = "<group>"; };
		1A00037526A0A3A000F42EC9 /* WhisperPresentableData.swift */ = {isa = PBXFileReference; lastKnownFileType = sourcecode.swift; path = WhisperPresentableData.swift; sourceTree = "<group>"; };
		1A00037726A0A6A800F42EC9 /* PopularWhispersTests-Bridging-Header.h */ = {isa = PBXFileReference; lastKnownFileType = sourcecode.c.h; path = "PopularWhispersTests-Bridging-Header.h"; sourceTree = "<group>"; };
		1A00037826A0A6A800F42EC9 /* PopularWhispersTests.swift */ = {isa = PBXFileReference; lastKnownFileType = sourcecode.swift; path = PopularWhispersTests.swift; sourceTree = "<group>"; };
		1A00037B26A0E06800F42EC9 /* RemoteReplyLoaderAdapter.swift */ = {isa = PBXFileReference; lastKnownFileType = sourcecode.swift; path = RemoteReplyLoaderAdapter.swift; sourceTree = "<group>"; };
		1A00037D26A0E0A500F42EC9 /* ReplyThreadLoaderAdapter.swift */ = {isa = PBXFileReference; lastKnownFileType = sourcecode.swift; path = ReplyThreadLoaderAdapter.swift; sourceTree = "<group>"; };
		1A00037F26A0E0C000F42EC9 /* URLSession+HTTPClient.swift */ = {isa = PBXFileReference; lastKnownFileType = sourcecode.swift; path = "URLSession+HTTPClient.swift"; sourceTree = "<group>"; };
		1A54641126A079EE006A925E /* PopularWhispers.app */ = {isa = PBXFileReference; explicitFileType = wrapper.application; includeInIndex = 0; path = PopularWhispers.app; sourceTree = BUILT_PRODUCTS_DIR; };
		1A54641426A079EE006A925E /* PopularWhispersApp.swift */ = {isa = PBXFileReference; lastKnownFileType = sourcecode.swift; path = PopularWhispersApp.swift; sourceTree = "<group>"; };
		1A54641826A079EF006A925E /* Assets.xcassets */ = {isa = PBXFileReference; lastKnownFileType = folder.assetcatalog; path = Assets.xcassets; sourceTree = "<group>"; };
		1A54641B26A079EF006A925E /* Preview Assets.xcassets */ = {isa = PBXFileReference; lastKnownFileType = folder.assetcatalog; path = "Preview Assets.xcassets"; sourceTree = "<group>"; };
		1A54641D26A079EF006A925E /* Info.plist */ = {isa = PBXFileReference; lastKnownFileType = text.plist.xml; path = Info.plist; sourceTree = "<group>"; };
		1A54642226A079EF006A925E /* PopularWhispersTests.xctest */ = {isa = PBXFileReference; explicitFileType = wrapper.cfbundle; includeInIndex = 0; path = PopularWhispersTests.xctest; sourceTree = BUILT_PRODUCTS_DIR; };
		1A54642826A079EF006A925E /* Info.plist */ = {isa = PBXFileReference; lastKnownFileType = text.plist.xml; path = Info.plist; sourceTree = "<group>"; };
		1A54646726A07F3E006A925E /* WhisperApp.framework */ = {isa = PBXFileReference; explicitFileType = wrapper.framework; path = WhisperApp.framework; sourceTree = BUILT_PRODUCTS_DIR; };
		1A54646D26A095E6006A925E /* WhisperListView.swift */ = {isa = PBXFileReference; lastKnownFileType = sourcecode.swift; path = WhisperListView.swift; sourceTree = "<group>"; };
		1ACAA15E26A1BE3500490D40 /* AdapterWhisperList.swift */ = {isa = PBXFileReference; lastKnownFileType = sourcecode.swift; path = AdapterWhisperList.swift; sourceTree = "<group>"; };
		1ACAA16026A1BE9F00490D40 /* PopularReplyThreadVM.swift */ = {isa = PBXFileReference; lastKnownFileType = sourcecode.swift; path = PopularReplyThreadVM.swift; sourceTree = "<group>"; };
		1ACAA16D26A1C20800490D40 /* FactoryPopularThreadView.swift */ = {isa = PBXFileReference; lastKnownFileType = sourcecode.swift; path = FactoryPopularThreadView.swift; sourceTree = "<group>"; };
		1ACAA16F26A1C22D00490D40 /* FactoryPopularReplyThreadLoader.swift */ = {isa = PBXFileReference; lastKnownFileType = sourcecode.swift; path = FactoryPopularReplyThreadLoader.swift; sourceTree = "<group>"; };
/* End PBXFileReference section */

/* Begin PBXFrameworksBuildPhase section */
		1A54640E26A079EE006A925E /* Frameworks */ = {
			isa = PBXFrameworksBuildPhase;
			buildActionMask = 2147483647;
			files = (
				1A54646826A07F3E006A925E /* WhisperApp.framework in Frameworks */,
			);
			runOnlyForDeploymentPostprocessing = 0;
		};
		1A54641F26A079EF006A925E /* Frameworks */ = {
			isa = PBXFrameworksBuildPhase;
			buildActionMask = 2147483647;
			files = (
			);
			runOnlyForDeploymentPostprocessing = 0;
		};
/* End PBXFrameworksBuildPhase section */

/* Begin PBXGroup section */
		1A00037426A0A39100F42EC9 /* Presenter */ = {
			isa = PBXGroup;
			children = (
				1ACAA16026A1BE9F00490D40 /* PopularReplyThreadVM.swift */,
				1A00037526A0A3A000F42EC9 /* WhisperPresentableData.swift */,
				1ACAA15E26A1BE3500490D40 /* AdapterWhisperList.swift */,
			);
			path = Presenter;
			sourceTree = "<group>";
		};
		1A00037A26A0B02D00F42EC9 /* Main */ = {
			isa = PBXGroup;
			children = (
				1ACAA16C26A1C1FE00490D40 /* Factories */,
				1A00037B26A0E06800F42EC9 /* RemoteReplyLoaderAdapter.swift */,
				1A00037D26A0E0A500F42EC9 /* ReplyThreadLoaderAdapter.swift */,
				1A00037F26A0E0C000F42EC9 /* URLSession+HTTPClient.swift */,
			);
			path = Main;
			sourceTree = "<group>";
		};
		1A54640826A079EE006A925E = {
			isa = PBXGroup;
			children = (
				1A54641326A079EE006A925E /* PopularWhispers */,
				1A54642526A079EF006A925E /* PopularWhispersTests */,
				1A54641226A079EE006A925E /* Products */,
				1A54646626A07F3E006A925E /* Frameworks */,
			);
			sourceTree = "<group>";
		};
		1A54641226A079EE006A925E /* Products */ = {
			isa = PBXGroup;
			children = (
				1A54641126A079EE006A925E /* PopularWhispers.app */,
				1A54642226A079EF006A925E /* PopularWhispersTests.xctest */,
			);
			name = Products;
			sourceTree = "<group>";
		};
		1A54641326A079EE006A925E /* PopularWhispers */ = {
			isa = PBXGroup;
			children = (
				1A54641826A079EF006A925E /* Assets.xcassets */,
				1A54641D26A079EF006A925E /* Info.plist */,
				1A54646B26A0959E006A925E /* UI */,
				1A54641426A079EE006A925E /* PopularWhispersApp.swift */,
				1A54641A26A079EF006A925E /* Preview Content */,
			);
			path = PopularWhispers;
			sourceTree = "<group>";
		};
		1A54641A26A079EF006A925E /* Preview Content */ = {
			isa = PBXGroup;
			children = (
				1A54641B26A079EF006A925E /* Preview Assets.xcassets */,
			);
			path = "Preview Content";
			sourceTree = "<group>";
		};
		1A54642526A079EF006A925E /* PopularWhispersTests */ = {
			isa = PBXGroup;
			children = (
				1A54642826A079EF006A925E /* Info.plist */,
				1A00037826A0A6A800F42EC9 /* PopularWhispersTests.swift */,
				1A00037726A0A6A800F42EC9 /* PopularWhispersTests-Bridging-Header.h */,
			);
			path = PopularWhispersTests;
			sourceTree = "<group>";
		};
		1A54646626A07F3E006A925E /* Frameworks */ = {
			isa = PBXGroup;
			children = (
				1A54646726A07F3E006A925E /* WhisperApp.framework */,
			);
			name = Frameworks;
			sourceTree = "<group>";
		};
		1A54646B26A0959E006A925E /* UI */ = {
			isa = PBXGroup;
			children = (
				1A00037A26A0B02D00F42EC9 /* Main */,
				1A00037426A0A39100F42EC9 /* Presenter */,
				1A54646F26A09836006A925E /* SwiftUI */,
			);
			path = UI;
			sourceTree = "<group>";
		};
		1A54646F26A09836006A925E /* SwiftUI */ = {
			isa = PBXGroup;
			children = (
				1A54646D26A095E6006A925E /* WhisperListView.swift */,
				1A00037026A0A15300F42EC9 /* Header.swift */,
				1A00037226A0A30C00F42EC9 /* WhisperView.swift */,
			);
			path = SwiftUI;
			sourceTree = "<group>";
		};
		1ACAA16C26A1C1FE00490D40 /* Factories */ = {
			isa = PBXGroup;
			children = (
				1ACAA16D26A1C20800490D40 /* FactoryPopularThreadView.swift */,
				1ACAA16F26A1C22D00490D40 /* FactoryPopularReplyThreadLoader.swift */,
			);
			path = Factories;
			sourceTree = "<group>";
		};
/* End PBXGroup section */

/* Begin PBXNativeTarget section */
		1A54641026A079EE006A925E /* PopularWhispers */ = {
			isa = PBXNativeTarget;
			buildConfigurationList = 1A54643626A079F0006A925E /* Build configuration list for PBXNativeTarget "PopularWhispers" */;
			buildPhases = (
				1A54640D26A079EE006A925E /* Sources */,
				1A54640E26A079EE006A925E /* Frameworks */,
				1A54640F26A079EE006A925E /* Resources */,
				1A54646A26A07F3E006A925E /* Embed Frameworks */,
			);
			buildRules = (
			);
			dependencies = (
			);
			name = PopularWhispers;
			productName = PopularWhispers;
			productReference = 1A54641126A079EE006A925E /* PopularWhispers.app */;
			productType = "com.apple.product-type.application";
		};
		1A54642126A079EF006A925E /* PopularWhispersTests */ = {
			isa = PBXNativeTarget;
			buildConfigurationList = 1A54643926A079F0006A925E /* Build configuration list for PBXNativeTarget "PopularWhispersTests" */;
			buildPhases = (
				1A54641E26A079EF006A925E /* Sources */,
				1A54641F26A079EF006A925E /* Frameworks */,
				1A54642026A079EF006A925E /* Resources */,
			);
			buildRules = (
			);
			dependencies = (
				1A54642426A079EF006A925E /* PBXTargetDependency */,
			);
			name = PopularWhispersTests;
			productName = PopularWhispersTests;
			productReference = 1A54642226A079EF006A925E /* PopularWhispersTests.xctest */;
			productType = "com.apple.product-type.bundle.unit-test";
		};
/* End PBXNativeTarget section */

/* Begin PBXProject section */
		1A54640926A079EE006A925E /* Project object */ = {
			isa = PBXProject;
			attributes = {
				LastSwiftUpdateCheck = 1250;
				LastUpgradeCheck = 1250;
				TargetAttributes = {
					1A54641026A079EE006A925E = {
						CreatedOnToolsVersion = 12.5;
					};
					1A54642126A079EF006A925E = {
						CreatedOnToolsVersion = 12.5;
						LastSwiftMigration = 1250;
						TestTargetID = 1A54641026A079EE006A925E;
					};
				};
			};
			buildConfigurationList = 1A54640C26A079EE006A925E /* Build configuration list for PBXProject "PopularWhispers" */;
			compatibilityVersion = "Xcode 9.3";
			developmentRegion = en;
			hasScannedForEncodings = 0;
			knownRegions = (
				en,
				Base,
			);
			mainGroup = 1A54640826A079EE006A925E;
			productRefGroup = 1A54641226A079EE006A925E /* Products */;
			projectDirPath = "";
			projectRoot = "";
			targets = (
				1A54641026A079EE006A925E /* PopularWhispers */,
				1A54642126A079EF006A925E /* PopularWhispersTests */,
			);
		};
/* End PBXProject section */

/* Begin PBXResourcesBuildPhase section */
		1A54640F26A079EE006A925E /* Resources */ = {
			isa = PBXResourcesBuildPhase;
			buildActionMask = 2147483647;
			files = (
				1A54641C26A079EF006A925E /* Preview Assets.xcassets in Resources */,
				1A54641926A079EF006A925E /* Assets.xcassets in Resources */,
			);
			runOnlyForDeploymentPostprocessing = 0;
		};
		1A54642026A079EF006A925E /* Resources */ = {
			isa = PBXResourcesBuildPhase;
			buildActionMask = 2147483647;
			files = (
			);
			runOnlyForDeploymentPostprocessing = 0;
		};
/* End PBXResourcesBuildPhase section */

/* Begin PBXSourcesBuildPhase section */
		1A54640D26A079EE006A925E /* Sources */ = {
			isa = PBXSourcesBuildPhase;
			buildActionMask = 2147483647;
			files = (
				1A00037126A0A15300F42EC9 /* Header.swift in Sources */,
				1A00037E26A0E0A500F42EC9 /* ReplyThreadLoaderAdapter.swift in Sources */,
				1A00038026A0E0C000F42EC9 /* URLSession+HTTPClient.swift in Sources */,
				1ACAA16126A1BE9F00490D40 /* PopularReplyThreadVM.swift in Sources */,
				1A54646E26A095E6006A925E /* WhisperListView.swift in Sources */,
				1A54641526A079EE006A925E /* PopularWhispersApp.swift in Sources */,
				1ACAA15F26A1BE3500490D40 /* AdapterWhisperList.swift in Sources */,
				1A00037C26A0E06800F42EC9 /* RemoteReplyLoaderAdapter.swift in Sources */,
				1A00037626A0A3A000F42EC9 /* WhisperPresentableData.swift in Sources */,
				1ACAA16E26A1C20800490D40 /* FactoryPopularThreadView.swift in Sources */,
				1ACAA17026A1C22D00490D40 /* FactoryPopularReplyThreadLoader.swift in Sources */,
				1A00037326A0A30C00F42EC9 /* WhisperView.swift in Sources */,
			);
			runOnlyForDeploymentPostprocessing = 0;
		};
		1A54641E26A079EF006A925E /* Sources */ = {
			isa = PBXSourcesBuildPhase;
			buildActionMask = 2147483647;
			files = (
				1A00037926A0A6A800F42EC9 /* PopularWhispersTests.swift in Sources */,
			);
			runOnlyForDeploymentPostprocessing = 0;
		};
/* End PBXSourcesBuildPhase section */

/* Begin PBXTargetDependency section */
		1A54642426A079EF006A925E /* PBXTargetDependency */ = {
			isa = PBXTargetDependency;
			target = 1A54641026A079EE006A925E /* PopularWhispers */;
			targetProxy = 1A54642326A079EF006A925E /* PBXContainerItemProxy */;
		};
/* End PBXTargetDependency section */

/* Begin XCBuildConfiguration section */
		1A54643426A079F0006A925E /* Debug */ = {
			isa = XCBuildConfiguration;
			buildSettings = {
				ALWAYS_SEARCH_USER_PATHS = NO;
				CLANG_ANALYZER_NONNULL = YES;
				CLANG_ANALYZER_NUMBER_OBJECT_CONVERSION = YES_AGGRESSIVE;
				CLANG_CXX_LANGUAGE_STANDARD = "gnu++14";
				CLANG_CXX_LIBRARY = "libc++";
				CLANG_ENABLE_MODULES = YES;
				CLANG_ENABLE_OBJC_ARC = YES;
				CLANG_ENABLE_OBJC_WEAK = YES;
				CLANG_WARN_BLOCK_CAPTURE_AUTORELEASING = YES;
				CLANG_WARN_BOOL_CONVERSION = YES;
				CLANG_WARN_COMMA = YES;
				CLANG_WARN_CONSTANT_CONVERSION = YES;
				CLANG_WARN_DEPRECATED_OBJC_IMPLEMENTATIONS = YES;
				CLANG_WARN_DIRECT_OBJC_ISA_USAGE = YES_ERROR;
				CLANG_WARN_DOCUMENTATION_COMMENTS = YES;
				CLANG_WARN_EMPTY_BODY = YES;
				CLANG_WARN_ENUM_CONVERSION = YES;
				CLANG_WARN_INFINITE_RECURSION = YES;
				CLANG_WARN_INT_CONVERSION = YES;
				CLANG_WARN_NON_LITERAL_NULL_CONVERSION = YES;
				CLANG_WARN_OBJC_IMPLICIT_RETAIN_SELF = YES;
				CLANG_WARN_OBJC_LITERAL_CONVERSION = YES;
				CLANG_WARN_OBJC_ROOT_CLASS = YES_ERROR;
				CLANG_WARN_QUOTED_INCLUDE_IN_FRAMEWORK_HEADER = YES;
				CLANG_WARN_RANGE_LOOP_ANALYSIS = YES;
				CLANG_WARN_STRICT_PROTOTYPES = YES;
				CLANG_WARN_SUSPICIOUS_MOVE = YES;
				CLANG_WARN_UNGUARDED_AVAILABILITY = YES_AGGRESSIVE;
				CLANG_WARN_UNREACHABLE_CODE = YES;
				CLANG_WARN__DUPLICATE_METHOD_MATCH = YES;
				COPY_PHASE_STRIP = NO;
				DEBUG_INFORMATION_FORMAT = dwarf;
				ENABLE_STRICT_OBJC_MSGSEND = YES;
				ENABLE_TESTABILITY = YES;
				GCC_C_LANGUAGE_STANDARD = gnu11;
				GCC_DYNAMIC_NO_PIC = NO;
				GCC_NO_COMMON_BLOCKS = YES;
				GCC_OPTIMIZATION_LEVEL = 0;
				GCC_PREPROCESSOR_DEFINITIONS = (
					"DEBUG=1",
					"$(inherited)",
				);
				GCC_WARN_64_TO_32_BIT_CONVERSION = YES;
				GCC_WARN_ABOUT_RETURN_TYPE = YES_ERROR;
				GCC_WARN_UNDECLARED_SELECTOR = YES;
				GCC_WARN_UNINITIALIZED_AUTOS = YES_AGGRESSIVE;
				GCC_WARN_UNUSED_FUNCTION = YES;
				GCC_WARN_UNUSED_VARIABLE = YES;
				IPHONEOS_DEPLOYMENT_TARGET = 14.5;
				MTL_ENABLE_DEBUG_INFO = INCLUDE_SOURCE;
				MTL_FAST_MATH = YES;
				ONLY_ACTIVE_ARCH = YES;
				SDKROOT = iphoneos;
				SWIFT_ACTIVE_COMPILATION_CONDITIONS = DEBUG;
				SWIFT_OPTIMIZATION_LEVEL = "-Onone";
			};
			name = Debug;
		};
		1A54643526A079F0006A925E /* Release */ = {
			isa = XCBuildConfiguration;
			buildSettings = {
				ALWAYS_SEARCH_USER_PATHS = NO;
				CLANG_ANALYZER_NONNULL = YES;
				CLANG_ANALYZER_NUMBER_OBJECT_CONVERSION = YES_AGGRESSIVE;
				CLANG_CXX_LANGUAGE_STANDARD = "gnu++14";
				CLANG_CXX_LIBRARY = "libc++";
				CLANG_ENABLE_MODULES = YES;
				CLANG_ENABLE_OBJC_ARC = YES;
				CLANG_ENABLE_OBJC_WEAK = YES;
				CLANG_WARN_BLOCK_CAPTURE_AUTORELEASING = YES;
				CLANG_WARN_BOOL_CONVERSION = YES;
				CLANG_WARN_COMMA = YES;
				CLANG_WARN_CONSTANT_CONVERSION = YES;
				CLANG_WARN_DEPRECATED_OBJC_IMPLEMENTATIONS = YES;
				CLANG_WARN_DIRECT_OBJC_ISA_USAGE = YES_ERROR;
				CLANG_WARN_DOCUMENTATION_COMMENTS = YES;
				CLANG_WARN_EMPTY_BODY = YES;
				CLANG_WARN_ENUM_CONVERSION = YES;
				CLANG_WARN_INFINITE_RECURSION = YES;
				CLANG_WARN_INT_CONVERSION = YES;
				CLANG_WARN_NON_LITERAL_NULL_CONVERSION = YES;
				CLANG_WARN_OBJC_IMPLICIT_RETAIN_SELF = YES;
				CLANG_WARN_OBJC_LITERAL_CONVERSION = YES;
				CLANG_WARN_OBJC_ROOT_CLASS = YES_ERROR;
				CLANG_WARN_QUOTED_INCLUDE_IN_FRAMEWORK_HEADER = YES;
				CLANG_WARN_RANGE_LOOP_ANALYSIS = YES;
				CLANG_WARN_STRICT_PROTOTYPES = YES;
				CLANG_WARN_SUSPICIOUS_MOVE = YES;
				CLANG_WARN_UNGUARDED_AVAILABILITY = YES_AGGRESSIVE;
				CLANG_WARN_UNREACHABLE_CODE = YES;
				CLANG_WARN__DUPLICATE_METHOD_MATCH = YES;
				COPY_PHASE_STRIP = NO;
				DEBUG_INFORMATION_FORMAT = "dwarf-with-dsym";
				ENABLE_NS_ASSERTIONS = NO;
				ENABLE_STRICT_OBJC_MSGSEND = YES;
				GCC_C_LANGUAGE_STANDARD = gnu11;
				GCC_NO_COMMON_BLOCKS = YES;
				GCC_WARN_64_TO_32_BIT_CONVERSION = YES;
				GCC_WARN_ABOUT_RETURN_TYPE = YES_ERROR;
				GCC_WARN_UNDECLARED_SELECTOR = YES;
				GCC_WARN_UNINITIALIZED_AUTOS = YES_AGGRESSIVE;
				GCC_WARN_UNUSED_FUNCTION = YES;
				GCC_WARN_UNUSED_VARIABLE = YES;
				IPHONEOS_DEPLOYMENT_TARGET = 14.5;
				MTL_ENABLE_DEBUG_INFO = NO;
				MTL_FAST_MATH = YES;
				SDKROOT = iphoneos;
				SWIFT_COMPILATION_MODE = wholemodule;
				SWIFT_OPTIMIZATION_LEVEL = "-O";
				VALIDATE_PRODUCT = YES;
			};
			name = Release;
		};
		1A54643726A079F0006A925E /* Debug */ = {
			isa = XCBuildConfiguration;
			buildSettings = {
				ASSETCATALOG_COMPILER_APPICON_NAME = AppIcon;
				ASSETCATALOG_COMPILER_GLOBAL_ACCENT_COLOR_NAME = AccentColor;
				CODE_SIGN_STYLE = Automatic;
				DEVELOPMENT_ASSET_PATHS = "\"PopularWhispers/Preview Content\"";
				DEVELOPMENT_TEAM = AEWQUX8MPM;
				ENABLE_PREVIEWS = YES;
				INFOPLIST_FILE = PopularWhispers/Info.plist;
				IPHONEOS_DEPLOYMENT_TARGET = 14.0;
				LD_RUNPATH_SEARCH_PATHS = (
					"$(inherited)",
					"@executable_path/Frameworks",
				);
				PRODUCT_BUNDLE_IDENTIFIER = dansteam.PopularWhispers;
				PRODUCT_NAME = "$(TARGET_NAME)";
				SWIFT_VERSION = 5.0;
				TARGETED_DEVICE_FAMILY = "1,2";
			};
			name = Debug;
		};
		1A54643826A079F0006A925E /* Release */ = {
			isa = XCBuildConfiguration;
			buildSettings = {
				ASSETCATALOG_COMPILER_APPICON_NAME = AppIcon;
				ASSETCATALOG_COMPILER_GLOBAL_ACCENT_COLOR_NAME = AccentColor;
				CODE_SIGN_STYLE = Automatic;
				DEVELOPMENT_ASSET_PATHS = "\"PopularWhispers/Preview Content\"";
				DEVELOPMENT_TEAM = AEWQUX8MPM;
				ENABLE_PREVIEWS = YES;
				INFOPLIST_FILE = PopularWhispers/Info.plist;
				IPHONEOS_DEPLOYMENT_TARGET = 14.0;
				LD_RUNPATH_SEARCH_PATHS = (
					"$(inherited)",
					"@executable_path/Frameworks",
				);
				PRODUCT_BUNDLE_IDENTIFIER = dansteam.PopularWhispers;
				PRODUCT_NAME = "$(TARGET_NAME)";
				SWIFT_VERSION = 5.0;
				TARGETED_DEVICE_FAMILY = "1,2";
			};
			name = Release;
		};
		1A54643A26A079F0006A925E /* Debug */ = {
			isa = XCBuildConfiguration;
			buildSettings = {
				ALWAYS_EMBED_SWIFT_STANDARD_LIBRARIES = YES;
				BUNDLE_LOADER = "$(TEST_HOST)";
				CLANG_ENABLE_MODULES = YES;
				CODE_SIGN_STYLE = Automatic;
				DEVELOPMENT_TEAM = AEWQUX8MPM;
				INFOPLIST_FILE = PopularWhispersTests/Info.plist;
				IPHONEOS_DEPLOYMENT_TARGET = 14.0;
				LD_RUNPATH_SEARCH_PATHS = (
					"$(inherited)",
					"@executable_path/Frameworks",
					"@loader_path/Frameworks",
				);
				PRODUCT_BUNDLE_IDENTIFIER = dansteam.PopularWhispersTests;
				PRODUCT_NAME = "$(TARGET_NAME)";
				SWIFT_OBJC_BRIDGING_HEADER = "PopularWhispersTests/PopularWhispersTests-Bridging-Header.h";
				SWIFT_OPTIMIZATION_LEVEL = "-Onone";
				SWIFT_VERSION = 5.0;
				TARGETED_DEVICE_FAMILY = "1,2";
				TEST_HOST = "$(BUILT_PRODUCTS_DIR)/PopularWhispers.app/PopularWhispers";
			};
			name = Debug;
		};
		1A54643B26A079F0006A925E /* Release */ = {
			isa = XCBuildConfiguration;
			buildSettings = {
				ALWAYS_EMBED_SWIFT_STANDARD_LIBRARIES = YES;
				BUNDLE_LOADER = "$(TEST_HOST)";
				CLANG_ENABLE_MODULES = YES;
				CODE_SIGN_STYLE = Automatic;
				DEVELOPMENT_TEAM = AEWQUX8MPM;
				INFOPLIST_FILE = PopularWhispersTests/Info.plist;
				IPHONEOS_DEPLOYMENT_TARGET = 14.0;
				LD_RUNPATH_SEARCH_PATHS = (
					"$(inherited)",
					"@executable_path/Frameworks",
					"@loader_path/Frameworks",
				);
				PRODUCT_BUNDLE_IDENTIFIER = dansteam.PopularWhispersTests;
				PRODUCT_NAME = "$(TARGET_NAME)";
				SWIFT_OBJC_BRIDGING_HEADER = "PopularWhispersTests/PopularWhispersTests-Bridging-Header.h";
				SWIFT_VERSION = 5.0;
				TARGETED_DEVICE_FAMILY = "1,2";
				TEST_HOST = "$(BUILT_PRODUCTS_DIR)/PopularWhispers.app/PopularWhispers";
			};
			name = Release;
		};
/* End XCBuildConfiguration section */

/* Begin XCConfigurationList section */
		1A54640C26A079EE006A925E /* Build configuration list for PBXProject "PopularWhispers" */ = {
			isa = XCConfigurationList;
			buildConfigurations = (
				1A54643426A079F0006A925E /* Debug */,
				1A54643526A079F0006A925E /* Release */,
			);
			defaultConfigurationIsVisible = 0;
			defaultConfigurationName = Release;
		};
		1A54643626A079F0006A925E /* Build configuration list for PBXNativeTarget "PopularWhispers" */ = {
			isa = XCConfigurationList;
			buildConfigurations = (
				1A54643726A079F0006A925E /* Debug */,
				1A54643826A079F0006A925E /* Release */,
			);
			defaultConfigurationIsVisible = 0;
			defaultConfigurationName = Release;
		};
		1A54643926A079F0006A925E /* Build configuration list for PBXNativeTarget "PopularWhispersTests" */ = {
			isa = XCConfigurationList;
			buildConfigurations = (
				1A54643A26A079F0006A925E /* Debug */,
				1A54643B26A079F0006A925E /* Release */,
			);
			defaultConfigurationIsVisible = 0;
			defaultConfigurationName = Release;
		};
/* End XCConfigurationList section */
	};
	rootObject = 1A54640926A079EE006A925E /* Project object */;
}
